// !$*UTF8*$!
{
	archiveVersion = 1;
	classes = {
	};
	objectVersion = 50;
	objects = {

/* Begin PBXBuildFile section */
		522A654223396AE100978DD5 /* AppDelegate.swift in Sources */ = {isa = PBXBuildFile; fileRef = 522A654123396AE100978DD5 /* AppDelegate.swift */; };
		522A654923396AE100978DD5 /* Main.storyboard in Resources */ = {isa = PBXBuildFile; fileRef = 522A654723396AE100978DD5 /* Main.storyboard */; };
		522A654B23396AE300978DD5 /* Assets.xcassets in Resources */ = {isa = PBXBuildFile; fileRef = 522A654A23396AE300978DD5 /* Assets.xcassets */; };
		522A654E23396AE300978DD5 /* LaunchScreen.storyboard in Resources */ = {isa = PBXBuildFile; fileRef = 522A654C23396AE300978DD5 /* LaunchScreen.storyboard */; };
		522A655923396AE400978DD5 /* WeatherAppTests.swift in Sources */ = {isa = PBXBuildFile; fileRef = 522A655823396AE400978DD5 /* WeatherAppTests.swift */; };
		522A656423396AE400978DD5 /* WeatherAppUITests.swift in Sources */ = {isa = PBXBuildFile; fileRef = 522A656323396AE400978DD5 /* WeatherAppUITests.swift */; };
		522A657223396BA000978DD5 /* WeatherManager.swift in Sources */ = {isa = PBXBuildFile; fileRef = 522A657123396BA000978DD5 /* WeatherManager.swift */; };
		522A657423397F4700978DD5 /* WeatherManagerTests.swift in Sources */ = {isa = PBXBuildFile; fileRef = 522A657323397F4700978DD5 /* WeatherManagerTests.swift */; };
		522A65762339886200978DD5 /* MainTabBarViewController.swift in Sources */ = {isa = PBXBuildFile; fileRef = 522A65752339886200978DD5 /* MainTabBarViewController.swift */; };
		522A65782339890100978DD5 /* CurrentWeatherViewController.swift in Sources */ = {isa = PBXBuildFile; fileRef = 522A65772339890100978DD5 /* CurrentWeatherViewController.swift */; };
		522A657A2339892D00978DD5 /* ForecastViewController.swift in Sources */ = {isa = PBXBuildFile; fileRef = 522A65792339892D00978DD5 /* ForecastViewController.swift */; };
		522A65B82339949900978DD5 /* SceneDelegate.swift in Sources */ = {isa = PBXBuildFile; fileRef = 522A65B72339949900978DD5 /* SceneDelegate.swift */; };
		522A65BA2339B4B000978DD5 /* ForecastCollectionViewCell.swift in Sources */ = {isa = PBXBuildFile; fileRef = 522A65B92339B4B000978DD5 /* ForecastCollectionViewCell.swift */; };
/* End PBXBuildFile section */

/* Begin PBXContainerItemProxy section */
		522A655523396AE400978DD5 /* PBXContainerItemProxy */ = {
			isa = PBXContainerItemProxy;
			containerPortal = 522A653623396AE000978DD5 /* Project object */;
			proxyType = 1;
			remoteGlobalIDString = 522A653D23396AE100978DD5;
			remoteInfo = WeatherApp;
		};
		522A656023396AE400978DD5 /* PBXContainerItemProxy */ = {
			isa = PBXContainerItemProxy;
			containerPortal = 522A653623396AE000978DD5 /* Project object */;
			proxyType = 1;
			remoteGlobalIDString = 522A653D23396AE100978DD5;
			remoteInfo = WeatherApp;
		};
/* End PBXContainerItemProxy section */

/* Begin PBXFileReference section */
		522A653E23396AE100978DD5 /* WeatherApp.app */ = {isa = PBXFileReference; explicitFileType = wrapper.application; includeInIndex = 0; path = WeatherApp.app; sourceTree = BUILT_PRODUCTS_DIR; };
		522A654123396AE100978DD5 /* AppDelegate.swift */ = {isa = PBXFileReference; lastKnownFileType = sourcecode.swift; path = AppDelegate.swift; sourceTree = "<group>"; };
		522A654823396AE100978DD5 /* Base */ = {isa = PBXFileReference; lastKnownFileType = file.storyboard; name = Base; path = Base.lproj/Main.storyboard; sourceTree = "<group>"; };
		522A654A23396AE300978DD5 /* Assets.xcassets */ = {isa = PBXFileReference; lastKnownFileType = folder.assetcatalog; path = Assets.xcassets; sourceTree = "<group>"; };
		522A654D23396AE300978DD5 /* Base */ = {isa = PBXFileReference; lastKnownFileType = file.storyboard; name = Base; path = Base.lproj/LaunchScreen.storyboard; sourceTree = "<group>"; };
		522A654F23396AE300978DD5 /* Info.plist */ = {isa = PBXFileReference; lastKnownFileType = text.plist.xml; path = Info.plist; sourceTree = "<group>"; };
		522A655423396AE400978DD5 /* WeatherAppTests.xctest */ = {isa = PBXFileReference; explicitFileType = wrapper.cfbundle; includeInIndex = 0; path = WeatherAppTests.xctest; sourceTree = BUILT_PRODUCTS_DIR; };
		522A655823396AE400978DD5 /* WeatherAppTests.swift */ = {isa = PBXFileReference; lastKnownFileType = sourcecode.swift; path = WeatherAppTests.swift; sourceTree = "<group>"; };
		522A655A23396AE400978DD5 /* Info.plist */ = {isa = PBXFileReference; lastKnownFileType = text.plist.xml; path = Info.plist; sourceTree = "<group>"; };
		522A655F23396AE400978DD5 /* WeatherAppUITests.xctest */ = {isa = PBXFileReference; explicitFileType = wrapper.cfbundle; includeInIndex = 0; path = WeatherAppUITests.xctest; sourceTree = BUILT_PRODUCTS_DIR; };
		522A656323396AE400978DD5 /* WeatherAppUITests.swift */ = {isa = PBXFileReference; lastKnownFileType = sourcecode.swift; path = WeatherAppUITests.swift; sourceTree = "<group>"; };
		522A656523396AE400978DD5 /* Info.plist */ = {isa = PBXFileReference; lastKnownFileType = text.plist.xml; path = Info.plist; sourceTree = "<group>"; };
		522A657123396BA000978DD5 /* WeatherManager.swift */ = {isa = PBXFileReference; lastKnownFileType = sourcecode.swift; path = WeatherManager.swift; sourceTree = "<group>"; };
		522A657323397F4700978DD5 /* WeatherManagerTests.swift */ = {isa = PBXFileReference; lastKnownFileType = sourcecode.swift; path = WeatherManagerTests.swift; sourceTree = "<group>"; };
		522A65752339886200978DD5 /* MainTabBarViewController.swift */ = {isa = PBXFileReference; lastKnownFileType = sourcecode.swift; path = MainTabBarViewController.swift; sourceTree = "<group>"; };
		522A65772339890100978DD5 /* CurrentWeatherViewController.swift */ = {isa = PBXFileReference; lastKnownFileType = sourcecode.swift; path = CurrentWeatherViewController.swift; sourceTree = "<group>"; };
		522A65792339892D00978DD5 /* ForecastViewController.swift */ = {isa = PBXFileReference; lastKnownFileType = sourcecode.swift; path = ForecastViewController.swift; sourceTree = "<group>"; };
		522A65B72339949900978DD5 /* SceneDelegate.swift */ = {isa = PBXFileReference; lastKnownFileType = sourcecode.swift; path = SceneDelegate.swift; sourceTree = "<group>"; };
		522A65B92339B4B000978DD5 /* ForecastCollectionViewCell.swift */ = {isa = PBXFileReference; lastKnownFileType = sourcecode.swift; path = ForecastCollectionViewCell.swift; sourceTree = "<group>"; };
/* End PBXFileReference section */

/* Begin PBXFrameworksBuildPhase section */
		522A653B23396AE100978DD5 /* Frameworks */ = {
			isa = PBXFrameworksBuildPhase;
			buildActionMask = 2147483647;
			files = (
			);
			runOnlyForDeploymentPostprocessing = 0;
		};
		522A655123396AE400978DD5 /* Frameworks */ = {
			isa = PBXFrameworksBuildPhase;
			buildActionMask = 2147483647;
			files = (
			);
			runOnlyForDeploymentPostprocessing = 0;
		};
		522A655C23396AE400978DD5 /* Frameworks */ = {
			isa = PBXFrameworksBuildPhase;
			buildActionMask = 2147483647;
			files = (
			);
			runOnlyForDeploymentPostprocessing = 0;
		};
/* End PBXFrameworksBuildPhase section */

/* Begin PBXGroup section */
		522A653523396AE000978DD5 = {
			isa = PBXGroup;
			children = (
				522A654023396AE100978DD5 /* WeatherApp */,
				522A655723396AE400978DD5 /* WeatherAppTests */,
				522A656223396AE400978DD5 /* WeatherAppUITests */,
				522A653F23396AE100978DD5 /* Products */,
			);
			sourceTree = "<group>";
		};
		522A653F23396AE100978DD5 /* Products */ = {
			isa = PBXGroup;
			children = (
				522A653E23396AE100978DD5 /* WeatherApp.app */,
				522A655423396AE400978DD5 /* WeatherAppTests.xctest */,
				522A655F23396AE400978DD5 /* WeatherAppUITests.xctest */,
			);
			name = Products;
			sourceTree = "<group>";
		};
		522A654023396AE100978DD5 /* WeatherApp */ = {
			isa = PBXGroup;
			children = (
				522A654123396AE100978DD5 /* AppDelegate.swift */,
				522A654723396AE100978DD5 /* Main.storyboard */,
				522A654A23396AE300978DD5 /* Assets.xcassets */,
				522A654C23396AE300978DD5 /* LaunchScreen.storyboard */,
				522A654F23396AE300978DD5 /* Info.plist */,
				522A657123396BA000978DD5 /* WeatherManager.swift */,
				522A65752339886200978DD5 /* MainTabBarViewController.swift */,
				522A65772339890100978DD5 /* CurrentWeatherViewController.swift */,
				522A65792339892D00978DD5 /* ForecastViewController.swift */,
				522A65B72339949900978DD5 /* SceneDelegate.swift */,
				522A65B92339B4B000978DD5 /* ForecastCollectionViewCell.swift */,
			);
			path = WeatherApp;
			sourceTree = "<group>";
		};
		522A655723396AE400978DD5 /* WeatherAppTests */ = {
			isa = PBXGroup;
			children = (
				522A655823396AE400978DD5 /* WeatherAppTests.swift */,
				522A655A23396AE400978DD5 /* Info.plist */,
				522A657323397F4700978DD5 /* WeatherManagerTests.swift */,
			);
			path = WeatherAppTests;
			sourceTree = "<group>";
		};
		522A656223396AE400978DD5 /* WeatherAppUITests */ = {
			isa = PBXGroup;
			children = (
				522A656323396AE400978DD5 /* WeatherAppUITests.swift */,
				522A656523396AE400978DD5 /* Info.plist */,
			);
			path = WeatherAppUITests;
			sourceTree = "<group>";
		};
/* End PBXGroup section */

/* Begin PBXNativeTarget section */
		522A653D23396AE100978DD5 /* WeatherApp */ = {
			isa = PBXNativeTarget;
			buildConfigurationList = 522A656823396AE400978DD5 /* Build configuration list for PBXNativeTarget "WeatherApp" */;
			buildPhases = (
				522A653A23396AE100978DD5 /* Sources */,
				522A653B23396AE100978DD5 /* Frameworks */,
				522A653C23396AE100978DD5 /* Resources */,
			);
			buildRules = (
			);
			dependencies = (
			);
			name = WeatherApp;
			productName = WeatherApp;
			productReference = 522A653E23396AE100978DD5 /* WeatherApp.app */;
			productType = "com.apple.product-type.application";
		};
		522A655323396AE400978DD5 /* WeatherAppTests */ = {
			isa = PBXNativeTarget;
			buildConfigurationList = 522A656B23396AE400978DD5 /* Build configuration list for PBXNativeTarget "WeatherAppTests" */;
			buildPhases = (
				522A655023396AE400978DD5 /* Sources */,
				522A655123396AE400978DD5 /* Frameworks */,
				522A655223396AE400978DD5 /* Resources */,
			);
			buildRules = (
			);
			dependencies = (
				522A655623396AE400978DD5 /* PBXTargetDependency */,
			);
			name = WeatherAppTests;
			productName = WeatherAppTests;
			productReference = 522A655423396AE400978DD5 /* WeatherAppTests.xctest */;
			productType = "com.apple.product-type.bundle.unit-test";
		};
		522A655E23396AE400978DD5 /* WeatherAppUITests */ = {
			isa = PBXNativeTarget;
			buildConfigurationList = 522A656E23396AE400978DD5 /* Build configuration list for PBXNativeTarget "WeatherAppUITests" */;
			buildPhases = (
				522A655B23396AE400978DD5 /* Sources */,
				522A655C23396AE400978DD5 /* Frameworks */,
				522A655D23396AE400978DD5 /* Resources */,
			);
			buildRules = (
			);
			dependencies = (
				522A656123396AE400978DD5 /* PBXTargetDependency */,
			);
			name = WeatherAppUITests;
			productName = WeatherAppUITests;
			productReference = 522A655F23396AE400978DD5 /* WeatherAppUITests.xctest */;
			productType = "com.apple.product-type.bundle.ui-testing";
		};
/* End PBXNativeTarget section */

/* Begin PBXProject section */
		522A653623396AE000978DD5 /* Project object */ = {
			isa = PBXProject;
			attributes = {
				LastSwiftUpdateCheck = 1100;
				LastUpgradeCheck = 1100;
				TargetAttributes = {
					522A653D23396AE100978DD5 = {
						CreatedOnToolsVersion = 11.0;
					};
					522A655323396AE400978DD5 = {
						CreatedOnToolsVersion = 11.0;
						TestTargetID = 522A653D23396AE100978DD5;
					};
					522A655E23396AE400978DD5 = {
						CreatedOnToolsVersion = 11.0;
						TestTargetID = 522A653D23396AE100978DD5;
					};
				};
			};
			buildConfigurationList = 522A653923396AE000978DD5 /* Build configuration list for PBXProject "WeatherApp" */;
			compatibilityVersion = "Xcode 9.3";
			developmentRegion = en;
			hasScannedForEncodings = 0;
			knownRegions = (
				en,
				Base,
			);
			mainGroup = 522A653523396AE000978DD5;
			productRefGroup = 522A653F23396AE100978DD5 /* Products */;
			projectDirPath = "";
			projectRoot = "";
			targets = (
				522A653D23396AE100978DD5 /* WeatherApp */,
				522A655323396AE400978DD5 /* WeatherAppTests */,
				522A655E23396AE400978DD5 /* WeatherAppUITests */,
			);
		};
/* End PBXProject section */

/* Begin PBXResourcesBuildPhase section */
		522A653C23396AE100978DD5 /* Resources */ = {
			isa = PBXResourcesBuildPhase;
			buildActionMask = 2147483647;
			files = (
				522A654E23396AE300978DD5 /* LaunchScreen.storyboard in Resources */,
				522A654B23396AE300978DD5 /* Assets.xcassets in Resources */,
				522A654923396AE100978DD5 /* Main.storyboard in Resources */,
			);
			runOnlyForDeploymentPostprocessing = 0;
		};
		522A655223396AE400978DD5 /* Resources */ = {
			isa = PBXResourcesBuildPhase;
			buildActionMask = 2147483647;
			files = (
			);
			runOnlyForDeploymentPostprocessing = 0;
		};
		522A655D23396AE400978DD5 /* Resources */ = {
			isa = PBXResourcesBuildPhase;
			buildActionMask = 2147483647;
			files = (
			);
			runOnlyForDeploymentPostprocessing = 0;
		};
/* End PBXResourcesBuildPhase section */

/* Begin PBXSourcesBuildPhase section */
		522A653A23396AE100978DD5 /* Sources */ = {
			isa = PBXSourcesBuildPhase;
			buildActionMask = 2147483647;
			files = (
				522A65762339886200978DD5 /* MainTabBarViewController.swift in Sources */,
				522A654223396AE100978DD5 /* AppDelegate.swift in Sources */,
				522A657A2339892D00978DD5 /* ForecastViewController.swift in Sources */,
				522A657223396BA000978DD5 /* WeatherManager.swift in Sources */,
				522A65BA2339B4B000978DD5 /* ForecastCollectionViewCell.swift in Sources */,
				522A65782339890100978DD5 /* CurrentWeatherViewController.swift in Sources */,
				522A65B82339949900978DD5 /* SceneDelegate.swift in Sources */,
			);
			runOnlyForDeploymentPostprocessing = 0;
		};
		522A655023396AE400978DD5 /* Sources */ = {
			isa = PBXSourcesBuildPhase;
			buildActionMask = 2147483647;
			files = (
				522A657423397F4700978DD5 /* WeatherManagerTests.swift in Sources */,
				522A655923396AE400978DD5 /* WeatherAppTests.swift in Sources */,
			);
			runOnlyForDeploymentPostprocessing = 0;
		};
		522A655B23396AE400978DD5 /* Sources */ = {
			isa = PBXSourcesBuildPhase;
			buildActionMask = 2147483647;
			files = (
				522A656423396AE400978DD5 /* WeatherAppUITests.swift in Sources */,
			);
			runOnlyForDeploymentPostprocessing = 0;
		};
/* End PBXSourcesBuildPhase section */

/* Begin PBXTargetDependency section */
		522A655623396AE400978DD5 /* PBXTargetDependency */ = {
			isa = PBXTargetDependency;
			target = 522A653D23396AE100978DD5 /* WeatherApp */;
			targetProxy = 522A655523396AE400978DD5 /* PBXContainerItemProxy */;
		};
		522A656123396AE400978DD5 /* PBXTargetDependency */ = {
			isa = PBXTargetDependency;
			target = 522A653D23396AE100978DD5 /* WeatherApp */;
			targetProxy = 522A656023396AE400978DD5 /* PBXContainerItemProxy */;
		};
/* End PBXTargetDependency section */

/* Begin PBXVariantGroup section */
		522A654723396AE100978DD5 /* Main.storyboard */ = {
			isa = PBXVariantGroup;
			children = (
				522A654823396AE100978DD5 /* Base */,
			);
			name = Main.storyboard;
			sourceTree = "<group>";
		};
		522A654C23396AE300978DD5 /* LaunchScreen.storyboard */ = {
			isa = PBXVariantGroup;
			children = (
				522A654D23396AE300978DD5 /* Base */,
			);
			name = LaunchScreen.storyboard;
			sourceTree = "<group>";
		};
/* End PBXVariantGroup section */

/* Begin XCBuildConfiguration section */
		522A656623396AE400978DD5 /* Debug */ = {
			isa = XCBuildConfiguration;
			buildSettings = {
				ALWAYS_SEARCH_USER_PATHS = NO;
				CLANG_ANALYZER_NONNULL = YES;
				CLANG_ANALYZER_NUMBER_OBJECT_CONVERSION = YES_AGGRESSIVE;
				CLANG_CXX_LANGUAGE_STANDARD = "gnu++14";
				CLANG_CXX_LIBRARY = "libc++";
				CLANG_ENABLE_MODULES = YES;
				CLANG_ENABLE_OBJC_ARC = YES;
				CLANG_ENABLE_OBJC_WEAK = YES;
				CLANG_WARN_BLOCK_CAPTURE_AUTORELEASING = YES;
				CLANG_WARN_BOOL_CONVERSION = YES;
				CLANG_WARN_COMMA = YES;
				CLANG_WARN_CONSTANT_CONVERSION = YES;
				CLANG_WARN_DEPRECATED_OBJC_IMPLEMENTATIONS = YES;
				CLANG_WARN_DIRECT_OBJC_ISA_USAGE = YES_ERROR;
				CLANG_WARN_DOCUMENTATION_COMMENTS = YES;
				CLANG_WARN_EMPTY_BODY = YES;
				CLANG_WARN_ENUM_CONVERSION = YES;
				CLANG_WARN_INFINITE_RECURSION = YES;
				CLANG_WARN_INT_CONVERSION = YES;
				CLANG_WARN_NON_LITERAL_NULL_CONVERSION = YES;
				CLANG_WARN_OBJC_IMPLICIT_RETAIN_SELF = YES;
				CLANG_WARN_OBJC_LITERAL_CONVERSION = YES;
				CLANG_WARN_OBJC_ROOT_CLASS = YES_ERROR;
				CLANG_WARN_RANGE_LOOP_ANALYSIS = YES;
				CLANG_WARN_STRICT_PROTOTYPES = YES;
				CLANG_WARN_SUSPICIOUS_MOVE = YES;
				CLANG_WARN_UNGUARDED_AVAILABILITY = YES_AGGRESSIVE;
				CLANG_WARN_UNREACHABLE_CODE = YES;
				CLANG_WARN__DUPLICATE_METHOD_MATCH = YES;
				COPY_PHASE_STRIP = NO;
				DEBUG_INFORMATION_FORMAT = dwarf;
				ENABLE_STRICT_OBJC_MSGSEND = YES;
				ENABLE_TESTABILITY = YES;
				GCC_C_LANGUAGE_STANDARD = gnu11;
				GCC_DYNAMIC_NO_PIC = NO;
				GCC_NO_COMMON_BLOCKS = YES;
				GCC_OPTIMIZATION_LEVEL = 0;
				GCC_PREPROCESSOR_DEFINITIONS = (
					"DEBUG=1",
					"$(inherited)",
				);
				GCC_WARN_64_TO_32_BIT_CONVERSION = YES;
				GCC_WARN_ABOUT_RETURN_TYPE = YES_ERROR;
				GCC_WARN_UNDECLARED_SELECTOR = YES;
				GCC_WARN_UNINITIALIZED_AUTOS = YES_AGGRESSIVE;
				GCC_WARN_UNUSED_FUNCTION = YES;
				GCC_WARN_UNUSED_VARIABLE = YES;
				IPHONEOS_DEPLOYMENT_TARGET = 13.0;
				MTL_ENABLE_DEBUG_INFO = INCLUDE_SOURCE;
				MTL_FAST_MATH = YES;
				ONLY_ACTIVE_ARCH = YES;
				SDKROOT = iphoneos;
				SWIFT_ACTIVE_COMPILATION_CONDITIONS = DEBUG;
				SWIFT_OPTIMIZATION_LEVEL = "-Onone";
			};
			name = Debug;
		};
		522A656723396AE400978DD5 /* Release */ = {
			isa = XCBuildConfiguration;
			buildSettings = {
				ALWAYS_SEARCH_USER_PATHS = NO;
				CLANG_ANALYZER_NONNULL = YES;
				CLANG_ANALYZER_NUMBER_OBJECT_CONVERSION = YES_AGGRESSIVE;
				CLANG_CXX_LANGUAGE_STANDARD = "gnu++14";
				CLANG_CXX_LIBRARY = "libc++";
				CLANG_ENABLE_MODULES = YES;
				CLANG_ENABLE_OBJC_ARC = YES;
				CLANG_ENABLE_OBJC_WEAK = YES;
				CLANG_WARN_BLOCK_CAPTURE_AUTORELEASING = YES;
				CLANG_WARN_BOOL_CONVERSION = YES;
				CLANG_WARN_COMMA = YES;
				CLANG_WARN_CONSTANT_CONVERSION = YES;
				CLANG_WARN_DEPRECATED_OBJC_IMPLEMENTATIONS = YES;
				CLANG_WARN_DIRECT_OBJC_ISA_USAGE = YES_ERROR;
				CLANG_WARN_DOCUMENTATION_COMMENTS = YES;
				CLANG_WARN_EMPTY_BODY = YES;
				CLANG_WARN_ENUM_CONVERSION = YES;
				CLANG_WARN_INFINITE_RECURSION = YES;
				CLANG_WARN_INT_CONVERSION = YES;
				CLANG_WARN_NON_LITERAL_NULL_CONVERSION = YES;
				CLANG_WARN_OBJC_IMPLICIT_RETAIN_SELF = YES;
				CLANG_WARN_OBJC_LITERAL_CONVERSION = YES;
				CLANG_WARN_OBJC_ROOT_CLASS = YES_ERROR;
				CLANG_WARN_RANGE_LOOP_ANALYSIS = YES;
				CLANG_WARN_STRICT_PROTOTYPES = YES;
				CLANG_WARN_SUSPICIOUS_MOVE = YES;
				CLANG_WARN_UNGUARDED_AVAILABILITY = YES_AGGRESSIVE;
				CLANG_WARN_UNREACHABLE_CODE = YES;
				CLANG_WARN__DUPLICATE_METHOD_MATCH = YES;
				COPY_PHASE_STRIP = NO;
				DEBUG_INFORMATION_FORMAT = "dwarf-with-dsym";
				ENABLE_NS_ASSERTIONS = NO;
				ENABLE_STRICT_OBJC_MSGSEND = YES;
				GCC_C_LANGUAGE_STANDARD = gnu11;
				GCC_NO_COMMON_BLOCKS = YES;
				GCC_WARN_64_TO_32_BIT_CONVERSION = YES;
				GCC_WARN_ABOUT_RETURN_TYPE = YES_ERROR;
				GCC_WARN_UNDECLARED_SELECTOR = YES;
				GCC_WARN_UNINITIALIZED_AUTOS = YES_AGGRESSIVE;
				GCC_WARN_UNUSED_FUNCTION = YES;
				GCC_WARN_UNUSED_VARIABLE = YES;
				IPHONEOS_DEPLOYMENT_TARGET = 13.0;
				MTL_ENABLE_DEBUG_INFO = NO;
				MTL_FAST_MATH = YES;
				SDKROOT = iphoneos;
				SWIFT_COMPILATION_MODE = wholemodule;
				SWIFT_OPTIMIZATION_LEVEL = "-O";
				VALIDATE_PRODUCT = YES;
			};
			name = Release;
		};
		522A656923396AE400978DD5 /* Debug */ = {
			isa = XCBuildConfiguration;
			buildSettings = {
				ASSETCATALOG_COMPILER_APPICON_NAME = AppIcon;
				CODE_SIGN_STYLE = Automatic;
				DEVELOPMENT_TEAM = 4NA65DW3W9;
				INFOPLIST_FILE = WeatherApp/Info.plist;
				LD_RUNPATH_SEARCH_PATHS = (
					"$(inherited)",
					"@executable_path/Frameworks",
				);
				PRODUCT_BUNDLE_IDENTIFIER = com.danaj.austin.WeatherApp;
				PRODUCT_NAME = "$(TARGET_NAME)";
				SWIFT_VERSION = 5.0;
				TARGETED_DEVICE_FAMILY = 1;
			};
			name = Debug;
		};
		522A656A23396AE400978DD5 /* Release */ = {
			isa = XCBuildConfiguration;
			buildSettings = {
				ASSETCATALOG_COMPILER_APPICON_NAME = AppIcon;
				CODE_SIGN_STYLE = Automatic;
				DEVELOPMENT_TEAM = 4NA65DW3W9;
				INFOPLIST_FILE = WeatherApp/Info.plist;
				LD_RUNPATH_SEARCH_PATHS = (
					"$(inherited)",
					"@executable_path/Frameworks",
				);
				PRODUCT_BUNDLE_IDENTIFIER = com.danaj.austin.WeatherApp;
				PRODUCT_NAME = "$(TARGET_NAME)";
				SWIFT_VERSION = 5.0;
				TARGETED_DEVICE_FAMILY = 1;
			};
			name = Release;
		};
		522A656C23396AE400978DD5 /* Debug */ = {
			isa = XCBuildConfiguration;
			buildSettings = {
				ALWAYS_EMBED_SWIFT_STANDARD_LIBRARIES = YES;
				BUNDLE_LOADER = "$(TEST_HOST)";
				CODE_SIGN_STYLE = Automatic;
				DEVELOPMENT_TEAM = 4NA65DW3W9;
				INFOPLIST_FILE = WeatherAppTests/Info.plist;
				IPHONEOS_DEPLOYMENT_TARGET = 13.0;
				LD_RUNPATH_SEARCH_PATHS = (
					"$(inherited)",
					"@executable_path/Frameworks",
					"@loader_path/Frameworks",
				);
				PRODUCT_BUNDLE_IDENTIFIER = com.danaj.austin.WeatherAppTests;
				PRODUCT_NAME = "$(TARGET_NAME)";
				SWIFT_VERSION = 5.0;
				TARGETED_DEVICE_FAMILY = "1,2";
				TEST_HOST = "$(BUILT_PRODUCTS_DIR)/WeatherApp.app/WeatherApp";
			};
			name = Debug;
		};
		522A656D23396AE400978DD5 /* Release */ = {
			isa = XCBuildConfiguration;
			buildSettings = {
				ALWAYS_EMBED_SWIFT_STANDARD_LIBRARIES = YES;
				BUNDLE_LOADER = "$(TEST_HOST)";
				CODE_SIGN_STYLE = Automatic;
				DEVELOPMENT_TEAM = 4NA65DW3W9;
				INFOPLIST_FILE = WeatherAppTests/Info.plist;
				IPHONEOS_DEPLOYMENT_TARGET = 13.0;
				LD_RUNPATH_SEARCH_PATHS = (
					"$(inherited)",
					"@executable_path/Frameworks",
					"@loader_path/Frameworks",
				);
				PRODUCT_BUNDLE_IDENTIFIER = com.danaj.austin.WeatherAppTests;
				PRODUCT_NAME = "$(TARGET_NAME)";
				SWIFT_VERSION = 5.0;
				TARGETED_DEVICE_FAMILY = "1,2";
				TEST_HOST = "$(BUILT_PRODUCTS_DIR)/WeatherApp.app/WeatherApp";
			};
			name = Release;
		};
		522A656F23396AE400978DD5 /* Debug */ = {
			isa = XCBuildConfiguration;
			buildSettings = {
				ALWAYS_EMBED_SWIFT_STANDARD_LIBRARIES = YES;
				CODE_SIGN_STYLE = Automatic;
				DEVELOPMENT_TEAM = 4NA65DW3W9;
				INFOPLIST_FILE = WeatherAppUITests/Info.plist;
				LD_RUNPATH_SEARCH_PATHS = (
					"$(inherited)",
					"@executable_path/Frameworks",
					"@loader_path/Frameworks",
				);
				PRODUCT_BUNDLE_IDENTIFIER = com.danaj.austin.WeatherAppUITests;
				PRODUCT_NAME = "$(TARGET_NAME)";
				SWIFT_VERSION = 5.0;
				TARGETED_DEVICE_FAMILY = "1,2";
				TEST_TARGET_NAME = WeatherApp;
			};
			name = Debug;
		};
		522A657023396AE400978DD5 /* Release */ = {
			isa = XCBuildConfiguration;
			buildSettings = {
				ALWAYS_EMBED_SWIFT_STANDARD_LIBRARIES = YES;
				CODE_SIGN_STYLE = Automatic;
				DEVELOPMENT_TEAM = 4NA65DW3W9;
				INFOPLIST_FILE = WeatherAppUITests/Info.plist;
				LD_RUNPATH_SEARCH_PATHS = (
					"$(inherited)",
					"@executable_path/Frameworks",
					"@loader_path/Frameworks",
				);
				PRODUCT_BUNDLE_IDENTIFIER = com.danaj.austin.WeatherAppUITests;
				PRODUCT_NAME = "$(TARGET_NAME)";
				SWIFT_VERSION = 5.0;
				TARGETED_DEVICE_FAMILY = "1,2";
				TEST_TARGET_NAME = WeatherApp;
			};
			name = Release;
		};
/* End XCBuildConfiguration section */

/* Begin XCConfigurationList section */
		522A653923396AE000978DD5 /* Build configuration list for PBXProject "WeatherApp" */ = {
			isa = XCConfigurationList;
			buildConfigurations = (
				522A656623396AE400978DD5 /* Debug */,
				522A656723396AE400978DD5 /* Release */,
			);
			defaultConfigurationIsVisible = 0;
			defaultConfigurationName = Release;
		};
		522A656823396AE400978DD5 /* Build configuration list for PBXNativeTarget "WeatherApp" */ = {
			isa = XCConfigurationList;
			buildConfigurations = (
				522A656923396AE400978DD5 /* Debug */,
				522A656A23396AE400978DD5 /* Release */,
			);
			defaultConfigurationIsVisible = 0;
			defaultConfigurationName = Release;
		};
		522A656B23396AE400978DD5 /* Build configuration list for PBXNativeTarget "WeatherAppTests" */ = {
			isa = XCConfigurationList;
			buildConfigurations = (
				522A656C23396AE400978DD5 /* Debug */,
				522A656D23396AE400978DD5 /* Release */,
			);
			defaultConfigurationIsVisible = 0;
			defaultConfigurationName = Release;
		};
		522A656E23396AE400978DD5 /* Build configuration list for PBXNativeTarget "WeatherAppUITests" */ = {
			isa = XCConfigurationList;
			buildConfigurations = (
				522A656F23396AE400978DD5 /* Debug */,
				522A657023396AE400978DD5 /* Release */,
			);
			defaultConfigurationIsVisible = 0;
			defaultConfigurationName = Release;
		};
/* End XCConfigurationList section */
	};
	rootObject = 522A653623396AE000978DD5 /* Project object */;
}
